// !$*UTF8*$!
{
	archiveVersion = 1;
	classes = {
	};
	objectVersion = 46;
	objects = {

/* Begin PBXBuildFile section */
		D3A951281D5548E8009B9978 /* lib in Resources */ = {isa = PBXBuildFile; fileRef = D3A951271D5548E8009B9978 /* lib */; };
		D3A9512A1D5548FC009B9978 /* include in Resources */ = {isa = PBXBuildFile; fileRef = D3A951291D5548FC009B9978 /* include */; };
		D3A9512C1D554927009B9978 /* ARAppCore in Resources */ = {isa = PBXBuildFile; fileRef = D3A9512B1D554927009B9978 /* ARAppCore */; };
		D3A951301D5549A9009B9978 /* ARToolKitBySwift in Resources */ = {isa = PBXBuildFile; fileRef = D3A9512D1D5549A9009B9978 /* ARToolKitBySwift */; };
		D3A951311D5549A9009B9978 /* ARToolKitBySwiftTests in Resources */ = {isa = PBXBuildFile; fileRef = D3A9512E1D5549A9009B9978 /* ARToolKitBySwiftTests */; };
		D3A951321D5549A9009B9978 /* ARToolKitBySwiftUITests in Resources */ = {isa = PBXBuildFile; fileRef = D3A9512F1D5549A9009B9978 /* ARToolKitBySwiftUITests */; };
/* End PBXBuildFile section */

/* Begin PBXContainerItemProxy section */
		90F56B161D3332630081C9BA /* PBXContainerItemProxy */ = {
			isa = PBXContainerItemProxy;
			containerPortal = 90F56AF91D3332630081C9BA /* Project object */;
			proxyType = 1;
			remoteGlobalIDString = 90F56B001D3332630081C9BA;
			remoteInfo = ARToolKitBySwift;
		};
		90F56B211D3332630081C9BA /* PBXContainerItemProxy */ = {
			isa = PBXContainerItemProxy;
			containerPortal = 90F56AF91D3332630081C9BA /* Project object */;
			proxyType = 1;
			remoteGlobalIDString = 90F56B001D3332630081C9BA;
			remoteInfo = ARToolKitBySwift;
		};
/* End PBXContainerItemProxy section */

/* Begin PBXFileReference section */
		D3A951271D5548E8009B9978 /* lib */ = {isa = PBXFileReference; lastKnownFileType = folder; path = lib; sourceTree = "<group>"; };
		D3A951291D5548FC009B9978 /* include */ = {isa = PBXFileReference; lastKnownFileType = folder; path = include; sourceTree = "<group>"; };
		D3A9512B1D554927009B9978 /* ARAppCore */ = {isa = PBXFileReference; lastKnownFileType = folder; path = ARAppCore; sourceTree = "<group>"; };
		D3A9512D1D5549A9009B9978 /* ARToolKitBySwift */ = {isa = PBXFileReference; lastKnownFileType = folder; path = ARToolKitBySwift; sourceTree = "<group>"; };
		D3A9512E1D5549A9009B9978 /* ARToolKitBySwiftTests */ = {isa = PBXFileReference; lastKnownFileType = folder; path = ARToolKitBySwiftTests; sourceTree = "<group>"; };
		D3A9512F1D5549A9009B9978 /* ARToolKitBySwiftUITests */ = {isa = PBXFileReference; lastKnownFileType = folder; path = ARToolKitBySwiftUITests; sourceTree = "<group>"; };
		D3A951331D554A01009B9978 /* ARToolKitBySwift.app */ = {isa = PBXFileReference; explicitFileType = wrapper.application; includeInIndex = 0; path = ARToolKitBySwift.app; sourceTree = BUILT_PRODUCTS_DIR; };
		D3A951341D554A03009B9978 /* ARToolKitBySwiftTests.xctest */ = {isa = PBXFileReference; explicitFileType = wrapper.cfbundle; includeInIndex = 0; path = ARToolKitBySwiftTests.xctest; sourceTree = BUILT_PRODUCTS_DIR; };
		D3A951351D554A03009B9978 /* ARToolKitBySwiftUITests.xctest */ = {isa = PBXFileReference; explicitFileType = wrapper.cfbundle; includeInIndex = 0; path = ARToolKitBySwiftUITests.xctest; sourceTree = BUILT_PRODUCTS_DIR; };
/* End PBXFileReference section */

/* Begin PBXFrameworksBuildPhase section */
		90F56AFE1D3332630081C9BA /* Frameworks */ = {
			isa = PBXFrameworksBuildPhase;
			buildActionMask = 2147483647;
			files = (
			);
			runOnlyForDeploymentPostprocessing = 0;
		};
		90F56B121D3332630081C9BA /* Frameworks */ = {
			isa = PBXFrameworksBuildPhase;
			buildActionMask = 2147483647;
			files = (
			);
			runOnlyForDeploymentPostprocessing = 0;
		};
		90F56B1D1D3332630081C9BA /* Frameworks */ = {
			isa = PBXFrameworksBuildPhase;
			buildActionMask = 2147483647;
			files = (
			);
			runOnlyForDeploymentPostprocessing = 0;
		};
/* End PBXFrameworksBuildPhase section */

/* Begin PBXGroup section */
		90F56AF81D3332630081C9BA = {
			isa = PBXGroup;
			children = (
				D3A9512D1D5549A9009B9978 /* ARToolKitBySwift */,
				D3A9512E1D5549A9009B9978 /* ARToolKitBySwiftTests */,
				D3A9512F1D5549A9009B9978 /* ARToolKitBySwiftUITests */,
				D3A9512B1D554927009B9978 /* ARAppCore */,
				D3A951291D5548FC009B9978 /* include */,
				D3A951271D5548E8009B9978 /* lib */,
				D3A951331D554A01009B9978 /* ARToolKitBySwift.app */,
				D3A951341D554A03009B9978 /* ARToolKitBySwiftTests.xctest */,
				D3A951351D554A03009B9978 /* ARToolKitBySwiftUITests.xctest */,
			);
			sourceTree = "<group>";
		};
/* End PBXGroup section */

/* Begin PBXNativeTarget section */
		90F56B001D3332630081C9BA /* ARToolKitBySwift */ = {
			isa = PBXNativeTarget;
			buildConfigurationList = 90F56B291D3332630081C9BA /* Build configuration list for PBXNativeTarget "ARToolKitBySwift" */;
			buildPhases = (
				90F56AFD1D3332630081C9BA /* Sources */,
				90F56AFE1D3332630081C9BA /* Frameworks */,
				90F56AFF1D3332630081C9BA /* Resources */,
			);
			buildRules = (
			);
			dependencies = (
			);
			name = ARToolKitBySwift;
			productName = ARToolKitBySwift;
			productReference = D3A951331D554A01009B9978 /* ARToolKitBySwift.app */;
			productType = "com.apple.product-type.application";
		};
		90F56B141D3332630081C9BA /* ARToolKitBySwiftTests */ = {
			isa = PBXNativeTarget;
			buildConfigurationList = 90F56B2C1D3332630081C9BA /* Build configuration list for PBXNativeTarget "ARToolKitBySwiftTests" */;
			buildPhases = (
				90F56B111D3332630081C9BA /* Sources */,
				90F56B121D3332630081C9BA /* Frameworks */,
				90F56B131D3332630081C9BA /* Resources */,
			);
			buildRules = (
			);
			dependencies = (
				90F56B171D3332630081C9BA /* PBXTargetDependency */,
			);
			name = ARToolKitBySwiftTests;
			productName = ARToolKitBySwiftTests;
			productReference = D3A951341D554A03009B9978 /* ARToolKitBySwiftTests.xctest */;
			productType = "com.apple.product-type.bundle.unit-test";
		};
		90F56B1F1D3332630081C9BA /* ARToolKitBySwiftUITests */ = {
			isa = PBXNativeTarget;
			buildConfigurationList = 90F56B2F1D3332630081C9BA /* Build configuration list for PBXNativeTarget "ARToolKitBySwiftUITests" */;
			buildPhases = (
				90F56B1C1D3332630081C9BA /* Sources */,
				90F56B1D1D3332630081C9BA /* Frameworks */,
				90F56B1E1D3332630081C9BA /* Resources */,
			);
			buildRules = (
			);
			dependencies = (
				90F56B221D3332630081C9BA /* PBXTargetDependency */,
			);
			name = ARToolKitBySwiftUITests;
			productName = ARToolKitBySwiftUITests;
			productReference = D3A951351D554A03009B9978 /* ARToolKitBySwiftUITests.xctest */;
			productType = "com.apple.product-type.bundle.ui-testing";
		};
/* End PBXNativeTarget section */

/* Begin PBXProject section */
		90F56AF91D3332630081C9BA /* Project object */ = {
			isa = PBXProject;
			attributes = {
				LastSwiftUpdateCheck = 0730;
				LastUpgradeCheck = 0730;
				ORGANIZATIONNAME = "藤澤研究室";
				TargetAttributes = {
					90F56B001D3332630081C9BA = {
						CreatedOnToolsVersion = 7.3.1;
						DevelopmentTeam = C6P4627NL8;
					};
					90F56B141D3332630081C9BA = {
						CreatedOnToolsVersion = 7.3.1;
						TestTargetID = 90F56B001D3332630081C9BA;
					};
					90F56B1F1D3332630081C9BA = {
						CreatedOnToolsVersion = 7.3.1;
						TestTargetID = 90F56B001D3332630081C9BA;
					};
				};
			};
			buildConfigurationList = 90F56AFC1D3332630081C9BA /* Build configuration list for PBXProject "ARToolKitBySwift" */;
			compatibilityVersion = "Xcode 3.2";
			developmentRegion = English;
			hasScannedForEncodings = 0;
			knownRegions = (
				en,
				Base,
			);
			mainGroup = 90F56AF81D3332630081C9BA;
			productRefGroup = 90F56AF81D3332630081C9BA;
			projectDirPath = "";
			projectRoot = "";
			targets = (
				90F56B001D3332630081C9BA /* ARToolKitBySwift */,
				90F56B141D3332630081C9BA /* ARToolKitBySwiftTests */,
				90F56B1F1D3332630081C9BA /* ARToolKitBySwiftUITests */,
			);
		};
/* End PBXProject section */

/* Begin PBXResourcesBuildPhase section */
		90F56AFF1D3332630081C9BA /* Resources */ = {
			isa = PBXResourcesBuildPhase;
			buildActionMask = 2147483647;
			files = (
				D3A9512C1D554927009B9978 /* ARAppCore in Resources */,
				D3A951301D5549A9009B9978 /* ARToolKitBySwift in Resources */,
				D3A951311D5549A9009B9978 /* ARToolKitBySwiftTests in Resources */,
				D3A951281D5548E8009B9978 /* lib in Resources */,
				D3A9512A1D5548FC009B9978 /* include in Resources */,
				D3A951321D5549A9009B9978 /* ARToolKitBySwiftUITests in Resources */,
			);
			runOnlyForDeploymentPostprocessing = 0;
		};
		90F56B131D3332630081C9BA /* Resources */ = {
			isa = PBXResourcesBuildPhase;
			buildActionMask = 2147483647;
			files = (
			);
			runOnlyForDeploymentPostprocessing = 0;
		};
		90F56B1E1D3332630081C9BA /* Resources */ = {
			isa = PBXResourcesBuildPhase;
			buildActionMask = 2147483647;
			files = (
			);
			runOnlyForDeploymentPostprocessing = 0;
		};
/* End PBXResourcesBuildPhase section */

/* Begin PBXSourcesBuildPhase section */
		90F56AFD1D3332630081C9BA /* Sources */ = {
			isa = PBXSourcesBuildPhase;
			buildActionMask = 2147483647;
			files = (
			);
			runOnlyForDeploymentPostprocessing = 0;
		};
		90F56B111D3332630081C9BA /* Sources */ = {
			isa = PBXSourcesBuildPhase;
			buildActionMask = 2147483647;
			files = (
			);
			runOnlyForDeploymentPostprocessing = 0;
		};
		90F56B1C1D3332630081C9BA /* Sources */ = {
			isa = PBXSourcesBuildPhase;
			buildActionMask = 2147483647;
			files = (
			);
			runOnlyForDeploymentPostprocessing = 0;
		};
/* End PBXSourcesBuildPhase section */

/* Begin PBXTargetDependency section */
		90F56B171D3332630081C9BA /* PBXTargetDependency */ = {
			isa = PBXTargetDependency;
			target = 90F56B001D3332630081C9BA /* ARToolKitBySwift */;
			targetProxy = 90F56B161D3332630081C9BA /* PBXContainerItemProxy */;
		};
		90F56B221D3332630081C9BA /* PBXTargetDependency */ = {
			isa = PBXTargetDependency;
			target = 90F56B001D3332630081C9BA /* ARToolKitBySwift */;
			targetProxy = 90F56B211D3332630081C9BA /* PBXContainerItemProxy */;
		};
/* End PBXTargetDependency section */

/* Begin XCBuildConfiguration section */
		90F56B271D3332630081C9BA /* Debug */ = {
			isa = XCBuildConfiguration;
			buildSettings = {
				ALWAYS_SEARCH_USER_PATHS = NO;
				CLANG_ANALYZER_NONNULL = YES;
				CLANG_CXX_LANGUAGE_STANDARD = "gnu++0x";
				CLANG_CXX_LIBRARY = "libc++";
				CLANG_ENABLE_MODULES = YES;
				CLANG_ENABLE_OBJC_ARC = YES;
				CLANG_WARN_BOOL_CONVERSION = YES;
				CLANG_WARN_CONSTANT_CONVERSION = YES;
				CLANG_WARN_DIRECT_OBJC_ISA_USAGE = YES_ERROR;
				CLANG_WARN_EMPTY_BODY = YES;
				CLANG_WARN_ENUM_CONVERSION = YES;
				CLANG_WARN_INT_CONVERSION = YES;
				CLANG_WARN_OBJC_ROOT_CLASS = YES_ERROR;
				CLANG_WARN_UNREACHABLE_CODE = YES;
				CLANG_WARN__DUPLICATE_METHOD_MATCH = YES;
				"CODE_SIGN_IDENTITY[sdk=iphoneos*]" = "iPhone Developer";
				COPY_PHASE_STRIP = NO;
				DEBUG_INFORMATION_FORMAT = dwarf;
				ENABLE_STRICT_OBJC_MSGSEND = YES;
				ENABLE_TESTABILITY = YES;
				GCC_C_LANGUAGE_STANDARD = gnu99;
				GCC_DYNAMIC_NO_PIC = NO;
				GCC_NO_COMMON_BLOCKS = YES;
				GCC_OPTIMIZATION_LEVEL = 0;
				GCC_PREPROCESSOR_DEFINITIONS = (
					"DEBUG=1",
					"$(inherited)",
				);
				GCC_WARN_64_TO_32_BIT_CONVERSION = YES;
				GCC_WARN_ABOUT_RETURN_TYPE = YES_ERROR;
				GCC_WARN_UNDECLARED_SELECTOR = YES;
				GCC_WARN_UNINITIALIZED_AUTOS = YES_AGGRESSIVE;
				GCC_WARN_UNUSED_FUNCTION = YES;
				GCC_WARN_UNUSED_VARIABLE = YES;
				IPHONEOS_DEPLOYMENT_TARGET = 9.3;
				MTL_ENABLE_DEBUG_INFO = YES;
				ONLY_ACTIVE_ARCH = YES;
				SDKROOT = iphoneos;
				SWIFT_OPTIMIZATION_LEVEL = "-Onone";
			};
			name = Debug;
		};
		90F56B281D3332630081C9BA /* Release */ = {
			isa = XCBuildConfiguration;
			buildSettings = {
				ALWAYS_SEARCH_USER_PATHS = NO;
				CLANG_ANALYZER_NONNULL = YES;
				CLANG_CXX_LANGUAGE_STANDARD = "gnu++0x";
				CLANG_CXX_LIBRARY = "libc++";
				CLANG_ENABLE_MODULES = YES;
				CLANG_ENABLE_OBJC_ARC = YES;
				CLANG_WARN_BOOL_CONVERSION = YES;
				CLANG_WARN_CONSTANT_CONVERSION = YES;
				CLANG_WARN_DIRECT_OBJC_ISA_USAGE = YES_ERROR;
				CLANG_WARN_EMPTY_BODY = YES;
				CLANG_WARN_ENUM_CONVERSION = YES;
				CLANG_WARN_INT_CONVERSION = YES;
				CLANG_WARN_OBJC_ROOT_CLASS = YES_ERROR;
				CLANG_WARN_UNREACHABLE_CODE = YES;
				CLANG_WARN__DUPLICATE_METHOD_MATCH = YES;
				"CODE_SIGN_IDENTITY[sdk=iphoneos*]" = "iPhone Developer";
				COPY_PHASE_STRIP = NO;
				DEBUG_INFORMATION_FORMAT = "dwarf-with-dsym";
				ENABLE_NS_ASSERTIONS = NO;
				ENABLE_STRICT_OBJC_MSGSEND = YES;
				GCC_C_LANGUAGE_STANDARD = gnu99;
				GCC_NO_COMMON_BLOCKS = YES;
				GCC_WARN_64_TO_32_BIT_CONVERSION = YES;
				GCC_WARN_ABOUT_RETURN_TYPE = YES_ERROR;
				GCC_WARN_UNDECLARED_SELECTOR = YES;
				GCC_WARN_UNINITIALIZED_AUTOS = YES_AGGRESSIVE;
				GCC_WARN_UNUSED_FUNCTION = YES;
				GCC_WARN_UNUSED_VARIABLE = YES;
				IPHONEOS_DEPLOYMENT_TARGET = 9.3;
				MTL_ENABLE_DEBUG_INFO = NO;
				SDKROOT = iphoneos;
				VALIDATE_PRODUCT = YES;
			};
			name = Release;
		};
		90F56B2A1D3332630081C9BA /* Debug */ = {
			isa = XCBuildConfiguration;
			buildSettings = {
				ASSETCATALOG_COMPILER_APPICON_NAME = AppIcon;
				CLANG_ENABLE_MODULES = YES;
				CODE_SIGN_IDENTITY = "iPhone Developer";
				"CODE_SIGN_IDENTITY[sdk=iphoneos*]" = "iPhone Developer";
				INFOPLIST_FILE = ARToolKitBySwift/Info.plist;
				LD_RUNPATH_SEARCH_PATHS = "$(inherited) @executable_path/Frameworks";
				PRODUCT_BUNDLE_IDENTIFIER = haradatoshiki.ARToolKitBySwift;
				PRODUCT_NAME = "$(TARGET_NAME)";
				PROVISIONING_PROFILE = "";
				SWIFT_OBJC_BRIDGING_HEADER = "ARToolKitBySwift/ARToolKitBySwift-Bridging-Header.h";
				SWIFT_OPTIMIZATION_LEVEL = "-Onone";
			};
			name = Debug;
		};
		90F56B2B1D3332630081C9BA /* Release */ = {
			isa = XCBuildConfiguration;
			buildSettings = {
				ASSETCATALOG_COMPILER_APPICON_NAME = AppIcon;
				CLANG_ENABLE_MODULES = YES;
				CODE_SIGN_IDENTITY = "iPhone Developer";
				"CODE_SIGN_IDENTITY[sdk=iphoneos*]" = "iPhone Developer";
				INFOPLIST_FILE = ARToolKitBySwift/Info.plist;
				LD_RUNPATH_SEARCH_PATHS = "$(inherited) @executable_path/Frameworks";
				PRODUCT_BUNDLE_IDENTIFIER = haradatoshiki.ARToolKitBySwift;
				PRODUCT_NAME = "$(TARGET_NAME)";
				PROVISIONING_PROFILE = "";
				SWIFT_OBJC_BRIDGING_HEADER = "ARToolKitBySwift/ARToolKitBySwift-Bridging-Header.h";
			};
			name = Release;
		};
		90F56B2D1D3332630081C9BA /* Debug */ = {
			isa = XCBuildConfiguration;
			buildSettings = {
				BUNDLE_LOADER = "$(TEST_HOST)";
				INFOPLIST_FILE = ARToolKitBySwiftTests/Info.plist;
				LD_RUNPATH_SEARCH_PATHS = "$(inherited) @executable_path/Frameworks @loader_path/Frameworks";
				PRODUCT_BUNDLE_IDENTIFIER = haradatoshiki.ARToolKitBySwiftTests;
				PRODUCT_NAME = "$(TARGET_NAME)";
				TEST_HOST = "$(BUILT_PRODUCTS_DIR)/ARToolKitBySwift.app/ARToolKitBySwift";
			};
			name = Debug;
		};
		90F56B2E1D3332630081C9BA /* Release */ = {
			isa = XCBuildConfiguration;
			buildSettings = {
				BUNDLE_LOADER = "$(TEST_HOST)";
				INFOPLIST_FILE = ARToolKitBySwiftTests/Info.plist;
				LD_RUNPATH_SEARCH_PATHS = "$(inherited) @executable_path/Frameworks @loader_path/Frameworks";
				PRODUCT_BUNDLE_IDENTIFIER = haradatoshiki.ARToolKitBySwiftTests;
				PRODUCT_NAME = "$(TARGET_NAME)";
				TEST_HOST = "$(BUILT_PRODUCTS_DIR)/ARToolKitBySwift.app/ARToolKitBySwift";
			};
			name = Release;
		};
		90F56B301D3332630081C9BA /* Debug */ = {
			isa = XCBuildConfiguration;
			buildSettings = {
				INFOPLIST_FILE = ARToolKitBySwiftUITests/Info.plist;
				LD_RUNPATH_SEARCH_PATHS = "$(inherited) @executable_path/Frameworks @loader_path/Frameworks";
				PRODUCT_BUNDLE_IDENTIFIER = haradatoshiki.ARToolKitBySwiftUITests;
				PRODUCT_NAME = "$(TARGET_NAME)";
				TEST_TARGET_NAME = ARToolKitBySwift;
			};
			name = Debug;
		};
		90F56B311D3332630081C9BA /* Release */ = {
			isa = XCBuildConfiguration;
			buildSettings = {
				INFOPLIST_FILE = ARToolKitBySwiftUITests/Info.plist;
				LD_RUNPATH_SEARCH_PATHS = "$(inherited) @executable_path/Frameworks @loader_path/Frameworks";
				PRODUCT_BUNDLE_IDENTIFIER = haradatoshiki.ARToolKitBySwiftUITests;
				PRODUCT_NAME = "$(TARGET_NAME)";
				TEST_TARGET_NAME = ARToolKitBySwift;
			};
			name = Release;
		};
/* End XCBuildConfiguration section */

/* Begin XCConfigurationList section */
		90F56AFC1D3332630081C9BA /* Build configuration list for PBXProject "ARToolKitBySwift" */ = {
			isa = XCConfigurationList;
			buildConfigurations = (
				90F56B271D3332630081C9BA /* Debug */,
				90F56B281D3332630081C9BA /* Release */,
			);
			defaultConfigurationIsVisible = 0;
			defaultConfigurationName = Release;
		};
		90F56B291D3332630081C9BA /* Build configuration list for PBXNativeTarget "ARToolKitBySwift" */ = {
			isa = XCConfigurationList;
			buildConfigurations = (
				90F56B2A1D3332630081C9BA /* Debug */,
				90F56B2B1D3332630081C9BA /* Release */,
			);
			defaultConfigurationIsVisible = 0;
			defaultConfigurationName = Release;
		};
		90F56B2C1D3332630081C9BA /* Build configuration list for PBXNativeTarget "ARToolKitBySwiftTests" */ = {
			isa = XCConfigurationList;
			buildConfigurations = (
				90F56B2D1D3332630081C9BA /* Debug */,
				90F56B2E1D3332630081C9BA /* Release */,
			);
			defaultConfigurationIsVisible = 0;
			defaultConfigurationName = Release;
		};
		90F56B2F1D3332630081C9BA /* Build configuration list for PBXNativeTarget "ARToolKitBySwiftUITests" */ = {
			isa = XCConfigurationList;
			buildConfigurations = (
				90F56B301D3332630081C9BA /* Debug */,
				90F56B311D3332630081C9BA /* Release */,
			);
			defaultConfigurationIsVisible = 0;
			defaultConfigurationName = Release;
		};
/* End XCConfigurationList section */
	};
	rootObject = 90F56AF91D3332630081C9BA /* Project object */;
}
